
Microsoft Visual Studio Solution File, Format Version 12.00
# Visual Studio 15
Project("{FAE04EC0-301F-11D3-BF4B-00C04F79EFBC}") = "NetCoreCoding", "NetCoreCoding\NetCoreCoding.csproj", "{4D249E56-122D-4AC2-B36E-320D6DA7A63C}"
EndProject
Global
	GlobalSection(SolutionConfigurationPlatforms) = preSolution
		Debug|Any CPU = Debug|Any CPU
		Release|Any CPU = Release|Any CPU
	EndGlobalSection
	GlobalSection(ProjectConfigurationPlatforms) = postSolution
		{4D249E56-122D-4AC2-B36E-320D6DA7A63C}.Debug|Any CPU.ActiveCfg = Debug|Any CPU
		{4D249E56-122D-4AC2-B36E-320D6DA7A63C}.Debug|Any CPU.Build.0 = Debug|Any CPU
		{4D249E56-122D-4AC2-B36E-320D6DA7A63C}.Release|Any CPU.ActiveCfg = Release|Any CPU
		{4D249E56-122D-4AC2-B36E-320D6DA7A63C}.Release|Any CPU.Build.0 = Release|Any CPU
	EndGlobalSection
EndGlobal
